
Microsoft Visual Studio Solution File, Format Version 12.00
# Visual Studio Version 17
VisualStudioVersion = 17.9.34723.18
MinimumVisualStudioVersion = 10.0.40219.1
Project("{FAE04EC0-301F-11D3-BF4B-00C04F79EFBC}") = "Calculator", "Calculator\Calculator.csproj", "{56273D82-58E4-491D-8BA2-947EADD37A2B}"
EndProject
Global
	GlobalSection(SolutionConfigurationPlatforms) = preSolution
		Debug|Any CPU = Debug|Any CPU
		Release|Any CPU = Release|Any CPU
	EndGlobalSection
	GlobalSection(ProjectConfigurationPlatforms) = postSolution
		{56273D82-58E4-491D-8BA2-947EADD37A2B}.Debug|Any CPU.ActiveCfg = Debug|Any CPU
		{56273D82-58E4-491D-8BA2-947EADD37A2B}.Debug|Any CPU.Build.0 = Debug|Any CPU
		{56273D82-58E4-491D-8BA2-947EADD37A2B}.Release|Any CPU.ActiveCfg = Release|Any CPU
		{56273D82-58E4-491D-8BA2-947EADD37A2B}.Release|Any CPU.Build.0 = Release|Any CPU
	EndGlobalSection
	GlobalSection(SolutionProperties) = preSolution
		HideSolutionNode = FALSE
	EndGlobalSection
	GlobalSection(ExtensibilityGlobals) = postSolution
		SolutionGuid = {D79DA44E-38D3-4CDF-9C25-B93BF3D43DD7}
	EndGlobalSection
EndGlobal
